// !$*UTF8*$!
{
	archiveVersion = 1;
	classes = {
	};
	objectVersion = 46;
	objects = {

/* Begin PBXBuildFile section */
		D018F1351BE0F467002420BD /* SID_PulsedTouchRecognizer.framework in Frameworks */ = {isa = PBXBuildFile; fileRef = D018F1341BE0F467002420BD /* SID_PulsedTouchRecognizer.framework */; };
		D02C0F071BBEAFB700B61303 /* main.m in Sources */ = {isa = PBXBuildFile; fileRef = D02C0F061BBEAFB700B61303 /* main.m */; };
		D02C0F0A1BBEAFB700B61303 /* AppDelegate.m in Sources */ = {isa = PBXBuildFile; fileRef = D02C0F091BBEAFB700B61303 /* AppDelegate.m */; };
		D02C0F0D1BBEAFB700B61303 /* MasterViewController.m in Sources */ = {isa = PBXBuildFile; fileRef = D02C0F0C1BBEAFB700B61303 /* MasterViewController.m */; };
		D02C0F101BBEAFB700B61303 /* DetailViewController.m in Sources */ = {isa = PBXBuildFile; fileRef = D02C0F0F1BBEAFB700B61303 /* DetailViewController.m */; };
		D02C0F151BBEAFB700B61303 /* Images.xcassets in Resources */ = {isa = PBXBuildFile; fileRef = D02C0F141BBEAFB700B61303 /* Images.xcassets */; };
		D02C0F241BBEAFB700B61303 /* pulsedTouch_Demo_with_FingerTests.m in Sources */ = {isa = PBXBuildFile; fileRef = D02C0F231BBEAFB700B61303 /* pulsedTouch_Demo_with_FingerTests.m */; };
		D02C0F2F1BBEB06400B61303 /* Launchscreen.storyboard in Resources */ = {isa = PBXBuildFile; fileRef = D02C0F2D1BBEB06400B61303 /* Launchscreen.storyboard */; };
		D02C0F301BBEB06400B61303 /* Main.storyboard in Resources */ = {isa = PBXBuildFile; fileRef = D02C0F2E1BBEB06400B61303 /* Main.storyboard */; };
		D02C0F391BBEB10300B61303 /* PaintSplines.m in Sources */ = {isa = PBXBuildFile; fileRef = D02C0F321BBEB10300B61303 /* PaintSplines.m */; };
		D02C0F3A1BBEB10300B61303 /* PaintView.m in Sources */ = {isa = PBXBuildFile; fileRef = D02C0F341BBEB10300B61303 /* PaintView.m */; };
		D02C0F3B1BBEB10300B61303 /* PaintViewLine.m in Sources */ = {isa = PBXBuildFile; fileRef = D02C0F361BBEB10300B61303 /* PaintViewLine.m */; };
		D02C0F3C1BBEB10300B61303 /* PaintViewData.m in Sources */ = {isa = PBXBuildFile; fileRef = D02C0F381BBEB10300B61303 /* PaintViewData.m */; };
/* End PBXBuildFile section */

/* Begin PBXContainerItemProxy section */
		D02C0F1E1BBEAFB700B61303 /* PBXContainerItemProxy */ = {
			isa = PBXContainerItemProxy;
			containerPortal = D02C0EF91BBEAFB700B61303 /* Project object */;
			proxyType = 1;
			remoteGlobalIDString = D02C0F001BBEAFB700B61303;
			remoteInfo = "pulsedTouch Demo with Finger";
		};
/* End PBXContainerItemProxy section */

/* Begin PBXFileReference section */
		D018F1341BE0F467002420BD /* SID_PulsedTouchRecognizer.framework */ = {isa = PBXFileReference; lastKnownFileType = wrapper.framework; path = SID_PulsedTouchRecognizer.framework; sourceTree = "<group>"; };
		D02C0F011BBEAFB700B61303 /* pulsedTouch Demo with Finger.app */ = {isa = PBXFileReference; explicitFileType = wrapper.application; includeInIndex = 0; path = "pulsedTouch Demo with Finger.app"; sourceTree = BUILT_PRODUCTS_DIR; };
		D02C0F051BBEAFB700B61303 /* Info.plist */ = {isa = PBXFileReference; lastKnownFileType = text.plist.xml; path = Info.plist; sourceTree = "<group>"; };
		D02C0F061BBEAFB700B61303 /* main.m */ = {isa = PBXFileReference; lastKnownFileType = sourcecode.c.objc; path = main.m; sourceTree = "<group>"; };
		D02C0F081BBEAFB700B61303 /* AppDelegate.h */ = {isa = PBXFileReference; lastKnownFileType = sourcecode.c.h; path = AppDelegate.h; sourceTree = "<group>"; };
		D02C0F091BBEAFB700B61303 /* AppDelegate.m */ = {isa = PBXFileReference; lastKnownFileType = sourcecode.c.objc; path = AppDelegate.m; sourceTree = "<group>"; };
		D02C0F0B1BBEAFB700B61303 /* MasterViewController.h */ = {isa = PBXFileReference; lastKnownFileType = sourcecode.c.h; path = MasterViewController.h; sourceTree = "<group>"; };
		D02C0F0C1BBEAFB700B61303 /* MasterViewController.m */ = {isa = PBXFileReference; lastKnownFileType = sourcecode.c.objc; path = MasterViewController.m; sourceTree = "<group>"; };
		D02C0F0E1BBEAFB700B61303 /* DetailViewController.h */ = {isa = PBXFileReference; lastKnownFileType = sourcecode.c.h; path = DetailViewController.h; sourceTree = "<group>"; };
		D02C0F0F1BBEAFB700B61303 /* DetailViewController.m */ = {isa = PBXFileReference; lastKnownFileType = sourcecode.c.objc; path = DetailViewController.m; sourceTree = "<group>"; };
		D02C0F141BBEAFB700B61303 /* Images.xcassets */ = {isa = PBXFileReference; lastKnownFileType = folder.assetcatalog; path = Images.xcassets; sourceTree = "<group>"; };
		D02C0F1D1BBEAFB700B61303 /* pulsedTouch Demo with FingerTests.xctest */ = {isa = PBXFileReference; explicitFileType = wrapper.cfbundle; includeInIndex = 0; path = "pulsedTouch Demo with FingerTests.xctest"; sourceTree = BUILT_PRODUCTS_DIR; };
		D02C0F221BBEAFB700B61303 /* Info.plist */ = {isa = PBXFileReference; lastKnownFileType = text.plist.xml; path = Info.plist; sourceTree = "<group>"; };
		D02C0F231BBEAFB700B61303 /* pulsedTouch_Demo_with_FingerTests.m */ = {isa = PBXFileReference; lastKnownFileType = sourcecode.c.objc; path = pulsedTouch_Demo_with_FingerTests.m; sourceTree = "<group>"; };
		D02C0F2D1BBEB06400B61303 /* Launchscreen.storyboard */ = {isa = PBXFileReference; fileEncoding = 4; lastKnownFileType = file.storyboard; path = Launchscreen.storyboard; sourceTree = "<group>"; };
		D02C0F2E1BBEB06400B61303 /* Main.storyboard */ = {isa = PBXFileReference; fileEncoding = 4; lastKnownFileType = file.storyboard; path = Main.storyboard; sourceTree = "<group>"; };
		D02C0F311BBEB10300B61303 /* PaintSplines.h */ = {isa = PBXFileReference; fileEncoding = 4; lastKnownFileType = sourcecode.c.h; path = PaintSplines.h; sourceTree = "<group>"; };
		D02C0F321BBEB10300B61303 /* PaintSplines.m */ = {isa = PBXFileReference; fileEncoding = 4; lastKnownFileType = sourcecode.c.objc; path = PaintSplines.m; sourceTree = "<group>"; };
		D02C0F331BBEB10300B61303 /* PaintView.h */ = {isa = PBXFileReference; fileEncoding = 4; lastKnownFileType = sourcecode.c.h; path = PaintView.h; sourceTree = "<group>"; };
		D02C0F341BBEB10300B61303 /* PaintView.m */ = {isa = PBXFileReference; fileEncoding = 4; lastKnownFileType = sourcecode.c.objc; path = PaintView.m; sourceTree = "<group>"; };
		D02C0F351BBEB10300B61303 /* PaintViewLine.h */ = {isa = PBXFileReference; fileEncoding = 4; lastKnownFileType = sourcecode.c.h; path = PaintViewLine.h; sourceTree = "<group>"; };
		D02C0F361BBEB10300B61303 /* PaintViewLine.m */ = {isa = PBXFileReference; fileEncoding = 4; lastKnownFileType = sourcecode.c.objc; path = PaintViewLine.m; sourceTree = "<group>"; };
		D02C0F371BBEB10300B61303 /* PaintViewData.h */ = {isa = PBXFileReference; fileEncoding = 4; lastKnownFileType = sourcecode.c.h; path = PaintViewData.h; sourceTree = "<group>"; };
		D02C0F381BBEB10300B61303 /* PaintViewData.m */ = {isa = PBXFileReference; fileEncoding = 4; lastKnownFileType = sourcecode.c.objc; path = PaintViewData.m; sourceTree = "<group>"; };
		D02C0F3D1BBEB13600B61303 /* SID_PulsedTouchRecognizer.framework */ = {isa = PBXFileReference; lastKnownFileType = wrapper.framework; name = SID_PulsedTouchRecognizer.framework; path = ../../../../Desktop/SID_PulsedTouchRecognizer.framework; sourceTree = "<group>"; };
/* End PBXFileReference section */

/* Begin PBXFrameworksBuildPhase section */
		D02C0EFE1BBEAFB700B61303 /* Frameworks */ = {
			isa = PBXFrameworksBuildPhase;
			buildActionMask = 2147483647;
			files = (
				D018F1351BE0F467002420BD /* SID_PulsedTouchRecognizer.framework in Frameworks */,
			);
			runOnlyForDeploymentPostprocessing = 0;
		};
		D02C0F1A1BBEAFB700B61303 /* Frameworks */ = {
			isa = PBXFrameworksBuildPhase;
			buildActionMask = 2147483647;
			files = (
			);
			runOnlyForDeploymentPostprocessing = 0;
		};
/* End PBXFrameworksBuildPhase section */

/* Begin PBXGroup section */
		D02C0EF81BBEAFB700B61303 = {
			isa = PBXGroup;
			children = (
				D018F1341BE0F467002420BD /* SID_PulsedTouchRecognizer.framework */,
				D02C0F3D1BBEB13600B61303 /* SID_PulsedTouchRecognizer.framework */,
				D02C0F031BBEAFB700B61303 /* pulsedTouch Demo with Finger */,
				D02C0F201BBEAFB700B61303 /* pulsedTouch Demo with FingerTests */,
				D02C0F021BBEAFB700B61303 /* Products */,
			);
			sourceTree = "<group>";
		};
		D02C0F021BBEAFB700B61303 /* Products */ = {
			isa = PBXGroup;
			children = (
				D02C0F011BBEAFB700B61303 /* pulsedTouch Demo with Finger.app */,
				D02C0F1D1BBEAFB700B61303 /* pulsedTouch Demo with FingerTests.xctest */,
			);
			name = Products;
			sourceTree = "<group>";
		};
		D02C0F031BBEAFB700B61303 /* pulsedTouch Demo with Finger */ = {
			isa = PBXGroup;
			children = (
				D02C0F081BBEAFB700B61303 /* AppDelegate.h */,
				D02C0F091BBEAFB700B61303 /* AppDelegate.m */,
				D02C0F0B1BBEAFB700B61303 /* MasterViewController.h */,
				D02C0F0C1BBEAFB700B61303 /* MasterViewController.m */,
				D02C0F0E1BBEAFB700B61303 /* DetailViewController.h */,
				D02C0F0F1BBEAFB700B61303 /* DetailViewController.m */,
				D02C0F2D1BBEB06400B61303 /* Launchscreen.storyboard */,
				D02C0F2E1BBEB06400B61303 /* Main.storyboard */,
				D02C0F141BBEAFB700B61303 /* Images.xcassets */,
				D02C0F041BBEAFB700B61303 /* Supporting Files */,
			);
			path = "pulsedTouch Demo with Finger";
			sourceTree = "<group>";
		};
		D02C0F041BBEAFB700B61303 /* Supporting Files */ = {
			isa = PBXGroup;
			children = (
				D02C0F311BBEB10300B61303 /* PaintSplines.h */,
				D02C0F321BBEB10300B61303 /* PaintSplines.m */,
				D02C0F331BBEB10300B61303 /* PaintView.h */,
				D02C0F341BBEB10300B61303 /* PaintView.m */,
				D02C0F351BBEB10300B61303 /* PaintViewLine.h */,
				D02C0F361BBEB10300B61303 /* PaintViewLine.m */,
				D02C0F371BBEB10300B61303 /* PaintViewData.h */,
				D02C0F381BBEB10300B61303 /* PaintViewData.m */,
				D02C0F051BBEAFB700B61303 /* Info.plist */,
				D02C0F061BBEAFB700B61303 /* main.m */,
			);
			name = "Supporting Files";
			sourceTree = "<group>";
		};
		D02C0F201BBEAFB700B61303 /* pulsedTouch Demo with FingerTests */ = {
			isa = PBXGroup;
			children = (
				D02C0F231BBEAFB700B61303 /* pulsedTouch_Demo_with_FingerTests.m */,
				D02C0F211BBEAFB700B61303 /* Supporting Files */,
			);
			path = "pulsedTouch Demo with FingerTests";
			sourceTree = "<group>";
		};
		D02C0F211BBEAFB700B61303 /* Supporting Files */ = {
			isa = PBXGroup;
			children = (
				D02C0F221BBEAFB700B61303 /* Info.plist */,
			);
			name = "Supporting Files";
			sourceTree = "<group>";
		};
/* End PBXGroup section */

/* Begin PBXNativeTarget section */
		D02C0F001BBEAFB700B61303 /* pulsedTouch Demo with Finger */ = {
			isa = PBXNativeTarget;
			buildConfigurationList = D02C0F271BBEAFB700B61303 /* Build configuration list for PBXNativeTarget "pulsedTouch Demo with Finger" */;
			buildPhases = (
				D02C0EFD1BBEAFB700B61303 /* Sources */,
				D02C0EFE1BBEAFB700B61303 /* Frameworks */,
				D02C0EFF1BBEAFB700B61303 /* Resources */,
			);
			buildRules = (
			);
			dependencies = (
			);
			name = "pulsedTouch Demo with Finger";
			productName = "pulsedTouch Demo with Finger";
			productReference = D02C0F011BBEAFB700B61303 /* pulsedTouch Demo with Finger.app */;
			productType = "com.apple.product-type.application";
		};
		D02C0F1C1BBEAFB700B61303 /* pulsedTouch Demo with FingerTests */ = {
			isa = PBXNativeTarget;
			buildConfigurationList = D02C0F2A1BBEAFB700B61303 /* Build configuration list for PBXNativeTarget "pulsedTouch Demo with FingerTests" */;
			buildPhases = (
				D02C0F191BBEAFB700B61303 /* Sources */,
				D02C0F1A1BBEAFB700B61303 /* Frameworks */,
				D02C0F1B1BBEAFB700B61303 /* Resources */,
			);
			buildRules = (
			);
			dependencies = (
				D02C0F1F1BBEAFB700B61303 /* PBXTargetDependency */,
			);
			name = "pulsedTouch Demo with FingerTests";
			productName = "pulsedTouch Demo with FingerTests";
			productReference = D02C0F1D1BBEAFB700B61303 /* pulsedTouch Demo with FingerTests.xctest */;
			productType = "com.apple.product-type.bundle.unit-test";
		};
/* End PBXNativeTarget section */

/* Begin PBXProject section */
		D02C0EF91BBEAFB700B61303 /* Project object */ = {
			isa = PBXProject;
			attributes = {
				LastUpgradeCheck = 0700;
				ORGANIZATIONNAME = "STABILO International";
				TargetAttributes = {
					D02C0F001BBEAFB700B61303 = {
						CreatedOnToolsVersion = 6.4;
					};
					D02C0F1C1BBEAFB700B61303 = {
						CreatedOnToolsVersion = 6.4;
						TestTargetID = D02C0F001BBEAFB700B61303;
					};
				};
			};
			buildConfigurationList = D02C0EFC1BBEAFB700B61303 /* Build configuration list for PBXProject "pulsedTouch Demo with Finger" */;
			compatibilityVersion = "Xcode 3.2";
			developmentRegion = English;
			hasScannedForEncodings = 0;
			knownRegions = (
				en,
				Base,
			);
			mainGroup = D02C0EF81BBEAFB700B61303;
			productRefGroup = D02C0F021BBEAFB700B61303 /* Products */;
			projectDirPath = "";
			projectRoot = "";
			targets = (
				D02C0F001BBEAFB700B61303 /* pulsedTouch Demo with Finger */,
				D02C0F1C1BBEAFB700B61303 /* pulsedTouch Demo with FingerTests */,
			);
		};
/* End PBXProject section */

/* Begin PBXResourcesBuildPhase section */
		D02C0EFF1BBEAFB700B61303 /* Resources */ = {
			isa = PBXResourcesBuildPhase;
			buildActionMask = 2147483647;
			files = (
				D02C0F301BBEB06400B61303 /* Main.storyboard in Resources */,
				D02C0F2F1BBEB06400B61303 /* Launchscreen.storyboard in Resources */,
				D02C0F151BBEAFB700B61303 /* Images.xcassets in Resources */,
			);
			runOnlyForDeploymentPostprocessing = 0;
		};
		D02C0F1B1BBEAFB700B61303 /* Resources */ = {
			isa = PBXResourcesBuildPhase;
			buildActionMask = 2147483647;
			files = (
			);
			runOnlyForDeploymentPostprocessing = 0;
		};
/* End PBXResourcesBuildPhase section */

/* Begin PBXSourcesBuildPhase section */
		D02C0EFD1BBEAFB700B61303 /* Sources */ = {
			isa = PBXSourcesBuildPhase;
			buildActionMask = 2147483647;
			files = (
				D02C0F3B1BBEB10300B61303 /* PaintViewLine.m in Sources */,
				D02C0F0A1BBEAFB700B61303 /* AppDelegate.m in Sources */,
				D02C0F0D1BBEAFB700B61303 /* MasterViewController.m in Sources */,
				D02C0F3C1BBEB10300B61303 /* PaintViewData.m in Sources */,
				D02C0F071BBEAFB700B61303 /* main.m in Sources */,
				D02C0F101BBEAFB700B61303 /* DetailViewController.m in Sources */,
				D02C0F391BBEB10300B61303 /* PaintSplines.m in Sources */,
				D02C0F3A1BBEB10300B61303 /* PaintView.m in Sources */,
			);
			runOnlyForDeploymentPostprocessing = 0;
		};
		D02C0F191BBEAFB700B61303 /* Sources */ = {
			isa = PBXSourcesBuildPhase;
			buildActionMask = 2147483647;
			files = (
				D02C0F241BBEAFB700B61303 /* pulsedTouch_Demo_with_FingerTests.m in Sources */,
			);
			runOnlyForDeploymentPostprocessing = 0;
		};
/* End PBXSourcesBuildPhase section */

/* Begin PBXTargetDependency section */
		D02C0F1F1BBEAFB700B61303 /* PBXTargetDependency */ = {
			isa = PBXTargetDependency;
			target = D02C0F001BBEAFB700B61303 /* pulsedTouch Demo with Finger */;
			targetProxy = D02C0F1E1BBEAFB700B61303 /* PBXContainerItemProxy */;
		};
/* End PBXTargetDependency section */

/* Begin XCBuildConfiguration section */
		D02C0F251BBEAFB700B61303 /* Debug */ = {
			isa = XCBuildConfiguration;
			buildSettings = {
				ALWAYS_SEARCH_USER_PATHS = NO;
				CLANG_CXX_LANGUAGE_STANDARD = "gnu++0x";
				CLANG_CXX_LIBRARY = "libc++";
				CLANG_ENABLE_MODULES = YES;
				CLANG_ENABLE_OBJC_ARC = YES;
				CLANG_WARN_BOOL_CONVERSION = YES;
				CLANG_WARN_CONSTANT_CONVERSION = YES;
				CLANG_WARN_DIRECT_OBJC_ISA_USAGE = YES_ERROR;
				CLANG_WARN_EMPTY_BODY = YES;
				CLANG_WARN_ENUM_CONVERSION = YES;
				CLANG_WARN_INT_CONVERSION = YES;
				CLANG_WARN_OBJC_ROOT_CLASS = YES_ERROR;
				CLANG_WARN_UNREACHABLE_CODE = YES;
				CLANG_WARN__DUPLICATE_METHOD_MATCH = YES;
				"CODE_SIGN_IDENTITY[sdk=iphoneos*]" = "iPhone Developer";
				COPY_PHASE_STRIP = NO;
				DEBUG_INFORMATION_FORMAT = "dwarf-with-dsym";
				ENABLE_STRICT_OBJC_MSGSEND = YES;
				ENABLE_TESTABILITY = YES;
				GCC_C_LANGUAGE_STANDARD = gnu99;
				GCC_DYNAMIC_NO_PIC = NO;
				GCC_NO_COMMON_BLOCKS = YES;
				GCC_OPTIMIZATION_LEVEL = 0;
				GCC_PREPROCESSOR_DEFINITIONS = (
					"DEBUG=1",
					"$(inherited)",
				);
				GCC_SYMBOLS_PRIVATE_EXTERN = NO;
				GCC_WARN_64_TO_32_BIT_CONVERSION = YES;
				GCC_WARN_ABOUT_RETURN_TYPE = YES_ERROR;
				GCC_WARN_UNDECLARED_SELECTOR = YES;
				GCC_WARN_UNINITIALIZED_AUTOS = YES_AGGRESSIVE;
				GCC_WARN_UNUSED_FUNCTION = YES;
				GCC_WARN_UNUSED_VARIABLE = YES;
				IPHONEOS_DEPLOYMENT_TARGET = 8.0;
				MTL_ENABLE_DEBUG_INFO = YES;
				ONLY_ACTIVE_ARCH = YES;
				SDKROOT = iphoneos;
				TARGETED_DEVICE_FAMILY = "1,2";
			};
			name = Debug;
		};
		D02C0F261BBEAFB700B61303 /* Release */ = {
			isa = XCBuildConfiguration;
			buildSettings = {
				ALWAYS_SEARCH_USER_PATHS = NO;
				CLANG_CXX_LANGUAGE_STANDARD = "gnu++0x";
				CLANG_CXX_LIBRARY = "libc++";
				CLANG_ENABLE_MODULES = YES;
				CLANG_ENABLE_OBJC_ARC = YES;
				CLANG_WARN_BOOL_CONVERSION = YES;
				CLANG_WARN_CONSTANT_CONVERSION = YES;
				CLANG_WARN_DIRECT_OBJC_ISA_USAGE = YES_ERROR;
				CLANG_WARN_EMPTY_BODY = YES;
				CLANG_WARN_ENUM_CONVERSION = YES;
				CLANG_WARN_INT_CONVERSION = YES;
				CLANG_WARN_OBJC_ROOT_CLASS = YES_ERROR;
				CLANG_WARN_UNREACHABLE_CODE = YES;
				CLANG_WARN__DUPLICATE_METHOD_MATCH = YES;
				"CODE_SIGN_IDENTITY[sdk=iphoneos*]" = "iPhone Developer";
				COPY_PHASE_STRIP = NO;
				DEBUG_INFORMATION_FORMAT = "dwarf-with-dsym";
				ENABLE_NS_ASSERTIONS = NO;
				ENABLE_STRICT_OBJC_MSGSEND = YES;
				GCC_C_LANGUAGE_STANDARD = gnu99;
				GCC_NO_COMMON_BLOCKS = YES;
				GCC_WARN_64_TO_32_BIT_CONVERSION = YES;
				GCC_WARN_ABOUT_RETURN_TYPE = YES_ERROR;
				GCC_WARN_UNDECLARED_SELECTOR = YES;
				GCC_WARN_UNINITIALIZED_AUTOS = YES_AGGRESSIVE;
				GCC_WARN_UNUSED_FUNCTION = YES;
				GCC_WARN_UNUSED_VARIABLE = YES;
				IPHONEOS_DEPLOYMENT_TARGET = 8.0;
				MTL_ENABLE_DEBUG_INFO = NO;
				SDKROOT = iphoneos;
				TARGETED_DEVICE_FAMILY = "1,2";
				VALIDATE_PRODUCT = YES;
			};
			name = Release;
		};
		D02C0F281BBEAFB700B61303 /* Debug */ = {
			isa = XCBuildConfiguration;
			buildSettings = {
				ASSETCATALOG_COMPILER_APPICON_NAME = AppIcon;
				INFOPLIST_FILE = "pulsedTouch Demo with Finger/Info.plist";
				IPHONEOS_DEPLOYMENT_TARGET = 8.0;
				LD_RUNPATH_SEARCH_PATHS = "$(inherited) @executable_path/Frameworks";
				PRODUCT_BUNDLE_IDENTIFIER = "com.SID.$(PRODUCT_NAME:rfc1034identifier)";
				PRODUCT_NAME = "$(TARGET_NAME)";
			};
			name = Debug;
		};
		D02C0F291BBEAFB700B61303 /* Release */ = {
			isa = XCBuildConfiguration;
			buildSettings = {
				ASSETCATALOG_COMPILER_APPICON_NAME = AppIcon;
				INFOPLIST_FILE = "pulsedTouch Demo with Finger/Info.plist";
				IPHONEOS_DEPLOYMENT_TARGET = 8.0;
				LD_RUNPATH_SEARCH_PATHS = "$(inherited) @executable_path/Frameworks";
				PRODUCT_BUNDLE_IDENTIFIER = "com.SID.$(PRODUCT_NAME:rfc1034identifier)";
				PRODUCT_NAME = "$(TARGET_NAME)";
			};
			name = Release;
		};
		D02C0F2B1BBEAFB700B61303 /* Debug */ = {
			isa = XCBuildConfiguration;
			buildSettings = {
				BUNDLE_LOADER = "$(TEST_HOST)";
				FRAMEWORK_SEARCH_PATHS = (
					"$(SDKROOT)/Developer/Library/Frameworks",
					"$(inherited)",
				);
				GCC_PREPROCESSOR_DEFINITIONS = (
					"DEBUG=1",
					"$(inherited)",
				);
				INFOPLIST_FILE = "pulsedTouch Demo with FingerTests/Info.plist";
				LD_RUNPATH_SEARCH_PATHS = "$(inherited) @executable_path/Frameworks @loader_path/Frameworks";
				PRODUCT_BUNDLE_IDENTIFIER = "com.SID.$(PRODUCT_NAME:rfc1034identifier)";
				PRODUCT_NAME = "$(TARGET_NAME)";
				TEST_HOST = "$(BUILT_PRODUCTS_DIR)/pulsedTouch Demo with Finger.app/pulsedTouch Demo with Finger";
			};
			name = Debug;
		};
		D02C0F2C1BBEAFB700B61303 /* Release */ = {
			isa = XCBuildConfiguration;
			buildSettings = {
				BUNDLE_LOADER = "$(TEST_HOST)";
				FRAMEWORK_SEARCH_PATHS = (
					"$(SDKROOT)/Developer/Library/Frameworks",
					"$(inherited)",
				);
				INFOPLIST_FILE = "pulsedTouch Demo with FingerTests/Info.plist";
				LD_RUNPATH_SEARCH_PATHS = "$(inherited) @executable_path/Frameworks @loader_path/Frameworks";
				PRODUCT_BUNDLE_IDENTIFIER = "com.SID.$(PRODUCT_NAME:rfc1034identifier)";
				PRODUCT_NAME = "$(TARGET_NAME)";
				TEST_HOST = "$(BUILT_PRODUCTS_DIR)/pulsedTouch Demo with Finger.app/pulsedTouch Demo with Finger";
			};
			name = Release;
		};
/* End XCBuildConfiguration section */

/* Begin XCConfigurationList section */
		D02C0EFC1BBEAFB700B61303 /* Build configuration list for PBXProject "pulsedTouch Demo with Finger" */ = {
			isa = XCConfigurationList;
			buildConfigurations = (
				D02C0F251BBEAFB700B61303 /* Debug */,
				D02C0F261BBEAFB700B61303 /* Release */,
			);
			defaultConfigurationIsVisible = 0;
			defaultConfigurationName = Release;
		};
		D02C0F271BBEAFB700B61303 /* Build configuration list for PBXNativeTarget "pulsedTouch Demo with Finger" */ = {
			isa = XCConfigurationList;
			buildConfigurations = (
				D02C0F281BBEAFB700B61303 /* Debug */,
				D02C0F291BBEAFB700B61303 /* Release */,
			);
			defaultConfigurationIsVisible = 0;
			defaultConfigurationName = Release;
		};
		D02C0F2A1BBEAFB700B61303 /* Build configuration list for PBXNativeTarget "pulsedTouch Demo with FingerTests" */ = {
			isa = XCConfigurationList;
			buildConfigurations = (
				D02C0F2B1BBEAFB700B61303 /* Debug */,
				D02C0F2C1BBEAFB700B61303 /* Release */,
			);
			defaultConfigurationIsVisible = 0;
			defaultConfigurationName = Release;
		};
/* End XCConfigurationList section */
	};
	rootObject = D02C0EF91BBEAFB700B61303 /* Project object */;
}
